
Microsoft Visual Studio Solution File, Format Version 12.00
# Visual Studio Version 17
VisualStudioVersion = 17.7.34031.279
MinimumVisualStudioVersion = 10.0.40219.1
Project("{FAE04EC0-301F-11D3-BF4B-00C04F79EFBC}") = "Interface_Example_3", "Interface_Example_3\Interface_Example_3.csproj", "{FAE38A30-C38E-42FD-93DC-11CD9270A10B}"
EndProject
Global
	GlobalSection(SolutionConfigurationPlatforms) = preSolution
		Debug|Any CPU = Debug|Any CPU
		Release|Any CPU = Release|Any CPU
	EndGlobalSection
	GlobalSection(ProjectConfigurationPlatforms) = postSolution
		{FAE38A30-C38E-42FD-93DC-11CD9270A10B}.Debug|Any CPU.ActiveCfg = Debug|Any CPU
		{FAE38A30-C38E-42FD-93DC-11CD9270A10B}.Debug|Any CPU.Build.0 = Debug|Any CPU
		{FAE38A30-C38E-42FD-93DC-11CD9270A10B}.Release|Any CPU.ActiveCfg = Release|Any CPU
		{FAE38A30-C38E-42FD-93DC-11CD9270A10B}.Release|Any CPU.Build.0 = Release|Any CPU
	EndGlobalSection
	GlobalSection(SolutionProperties) = preSolution
		HideSolutionNode = FALSE
	EndGlobalSection
	GlobalSection(ExtensibilityGlobals) = postSolution
		SolutionGuid = {AC250652-8304-4936-A0AD-859E2981441A}
	EndGlobalSection
EndGlobal
